// !$*UTF8*$!
{
	archiveVersion = 1;
	classes = {
	};
	objectVersion = 50;
	objects = {

/* Begin PBXBuildFile section */
		EA2B846724E96FAB004AB4C9 /* TabBar.swift in Sources */ = {isa = PBXBuildFile; fileRef = EA2B846624E96FAB004AB4C9 /* TabBar.swift */; };
		EA7A2D5A24DC877900D1FBCC /* HomeView.swift in Sources */ = {isa = PBXBuildFile; fileRef = EA7A2D5924DC877900D1FBCC /* HomeView.swift */; };
		EA7A2D5C24DC877E00D1FBCC /* Assets.xcassets in Resources */ = {isa = PBXBuildFile; fileRef = EA7A2D5B24DC877E00D1FBCC /* Assets.xcassets */; };
		EA7A2D5F24DC877E00D1FBCC /* Preview Assets.xcassets in Resources */ = {isa = PBXBuildFile; fileRef = EA7A2D5E24DC877E00D1FBCC /* Preview Assets.xcassets */; };
		EA7A2D6224DC877E00D1FBCC /* LaunchScreen.storyboard in Resources */ = {isa = PBXBuildFile; fileRef = EA7A2D6024DC877E00D1FBCC /* LaunchScreen.storyboard */; };
		EAAABDCA253737790082A76A /* GenericContent.swift in Sources */ = {isa = PBXBuildFile; fileRef = EAAABDC9253737790082A76A /* GenericContent.swift */; };
		EAAABDCE253739290082A76A /* ExperiencesSectionView.swift in Sources */ = {isa = PBXBuildFile; fileRef = EAAABDCD253739290082A76A /* ExperiencesSectionView.swift */; };
		EAAABDD225373B6F0082A76A /* ExperiencesCell.swift in Sources */ = {isa = PBXBuildFile; fileRef = EAAABDD125373B6F0082A76A /* ExperiencesCell.swift */; };
		EACED3D3253B9A5F0039A95D /* ContentView.swift in Sources */ = {isa = PBXBuildFile; fileRef = EACED3D2253B9A5F0039A95D /* ContentView.swift */; };
		EACED3D6253B9A9A0039A95D /* Airbnb-homeApp.swift in Sources */ = {isa = PBXBuildFile; fileRef = EACED3D5253B9A9A0039A95D /* Airbnb-homeApp.swift */; };
		EACED3DB253BA1CD0039A95D /* OnlineExperiencesSectionView.swift in Sources */ = {isa = PBXBuildFile; fileRef = EACED3DA253BA1CD0039A95D /* OnlineExperiencesSectionView.swift */; };
		EACED3DE253BA2900039A95D /* SectionTitle.swift in Sources */ = {isa = PBXBuildFile; fileRef = EACED3DD253BA2900039A95D /* SectionTitle.swift */; };
/* End PBXBuildFile section */

/* Begin PBXFileReference section */
		EA2B846624E96FAB004AB4C9 /* TabBar.swift */ = {isa = PBXFileReference; lastKnownFileType = sourcecode.swift; path = TabBar.swift; sourceTree = "<group>"; };
		EA7A2D5224DC877900D1FBCC /* airbnb-home.app */ = {isa = PBXFileReference; explicitFileType = wrapper.application; includeInIndex = 0; path = "airbnb-home.app"; sourceTree = BUILT_PRODUCTS_DIR; };
		EA7A2D5924DC877900D1FBCC /* HomeView.swift */ = {isa = PBXFileReference; lastKnownFileType = sourcecode.swift; path = HomeView.swift; sourceTree = "<group>"; };
		EA7A2D5B24DC877E00D1FBCC /* Assets.xcassets */ = {isa = PBXFileReference; lastKnownFileType = folder.assetcatalog; path = Assets.xcassets; sourceTree = "<group>"; };
		EA7A2D5E24DC877E00D1FBCC /* Preview Assets.xcassets */ = {isa = PBXFileReference; lastKnownFileType = folder.assetcatalog; path = "Preview Assets.xcassets"; sourceTree = "<group>"; };
		EA7A2D6124DC877E00D1FBCC /* Base */ = {isa = PBXFileReference; lastKnownFileType = file.storyboard; name = Base; path = Base.lproj/LaunchScreen.storyboard; sourceTree = "<group>"; };
		EA7A2D6324DC877E00D1FBCC /* Info.plist */ = {isa = PBXFileReference; lastKnownFileType = text.plist.xml; path = Info.plist; sourceTree = "<group>"; };
		EAAABDC9253737790082A76A /* GenericContent.swift */ = {isa = PBXFileReference; lastKnownFileType = sourcecode.swift; path = GenericContent.swift; sourceTree = "<group>"; };
		EAAABDCD253739290082A76A /* ExperiencesSectionView.swift */ = {isa = PBXFileReference; lastKnownFileType = sourcecode.swift; path = ExperiencesSectionView.swift; sourceTree = "<group>"; };
		EAAABDD125373B6F0082A76A /* ExperiencesCell.swift */ = {isa = PBXFileReference; lastKnownFileType = sourcecode.swift; path = ExperiencesCell.swift; sourceTree = "<group>"; };
		EACED3D2253B9A5F0039A95D /* ContentView.swift */ = {isa = PBXFileReference; lastKnownFileType = sourcecode.swift; path = ContentView.swift; sourceTree = "<group>"; };
		EACED3D5253B9A9A0039A95D /* Airbnb-homeApp.swift */ = {isa = PBXFileReference; lastKnownFileType = sourcecode.swift; path = "Airbnb-homeApp.swift"; sourceTree = "<group>"; };
		EACED3DA253BA1CD0039A95D /* OnlineExperiencesSectionView.swift */ = {isa = PBXFileReference; lastKnownFileType = sourcecode.swift; path = OnlineExperiencesSectionView.swift; sourceTree = "<group>"; };
		EACED3DD253BA2900039A95D /* SectionTitle.swift */ = {isa = PBXFileReference; lastKnownFileType = sourcecode.swift; path = SectionTitle.swift; sourceTree = "<group>"; };
/* End PBXFileReference section */

/* Begin PBXFrameworksBuildPhase section */
		EA7A2D4F24DC877900D1FBCC /* Frameworks */ = {
			isa = PBXFrameworksBuildPhase;
			buildActionMask = 2147483647;
			files = (
			);
			runOnlyForDeploymentPostprocessing = 0;
		};
/* End PBXFrameworksBuildPhase section */

/* Begin PBXGroup section */
		EA7A2D4924DC877800D1FBCC = {
			isa = PBXGroup;
			children = (
				EA7A2D5424DC877900D1FBCC /* airbnb-home */,
				EA7A2D5324DC877900D1FBCC /* Products */,
			);
			sourceTree = "<group>";
		};
		EA7A2D5324DC877900D1FBCC /* Products */ = {
			isa = PBXGroup;
			children = (
				EA7A2D5224DC877900D1FBCC /* airbnb-home.app */,
			);
			name = Products;
			sourceTree = "<group>";
		};
		EA7A2D5424DC877900D1FBCC /* airbnb-home */ = {
			isa = PBXGroup;
			children = (
				EAAABDC8253737640082A76A /* Model */,
				EAAABDC425372AE30082A76A /* Views */,
				EACED3D2253B9A5F0039A95D /* ContentView.swift */,
				EACED3D5253B9A9A0039A95D /* Airbnb-homeApp.swift */,
				EA7A2D5B24DC877E00D1FBCC /* Assets.xcassets */,
				EA7A2D6024DC877E00D1FBCC /* LaunchScreen.storyboard */,
				EA7A2D6324DC877E00D1FBCC /* Info.plist */,
				EA7A2D5D24DC877E00D1FBCC /* Preview Content */,
			);
			path = "airbnb-home";
			sourceTree = "<group>";
		};
		EA7A2D5D24DC877E00D1FBCC /* Preview Content */ = {
			isa = PBXGroup;
			children = (
				EA7A2D5E24DC877E00D1FBCC /* Preview Assets.xcassets */,
			);
			path = "Preview Content";
			sourceTree = "<group>";
		};
		EAAABDC425372AE30082A76A /* Views */ = {
			isa = PBXGroup;
			children = (
				EAAABDD025373B5D0082A76A /* Cells */,
				EAAABDC72537370B0082A76A /* Sections */,
				EAAABDC625372AFE0082A76A /* Navigation */,
				EAAABDC525372AEF0082A76A /* Screens */,
			);
			path = Views;
			sourceTree = "<group>";
		};
		EAAABDC525372AEF0082A76A /* Screens */ = {
			isa = PBXGroup;
			children = (
				EA7A2D5924DC877900D1FBCC /* HomeView.swift */,
			);
			path = Screens;
			sourceTree = "<group>";
		};
		EAAABDC625372AFE0082A76A /* Navigation */ = {
			isa = PBXGroup;
			children = (
				EA2B846624E96FAB004AB4C9 /* TabBar.swift */,
			);
			path = Navigation;
			sourceTree = "<group>";
		};
		EAAABDC72537370B0082A76A /* Sections */ = {
			isa = PBXGroup;
			children = (
				EAAABDCD253739290082A76A /* ExperiencesSectionView.swift */,
				EACED3DA253BA1CD0039A95D /* OnlineExperiencesSectionView.swift */,
				EACED3DD253BA2900039A95D /* SectionTitle.swift */,
			);
			path = Sections;
			sourceTree = "<group>";
		};
		EAAABDC8253737640082A76A /* Model */ = {
			isa = PBXGroup;
			children = (
				EAAABDC9253737790082A76A /* GenericContent.swift */,
			);
			path = Model;
			sourceTree = "<group>";
		};
		EAAABDD025373B5D0082A76A /* Cells */ = {
			isa = PBXGroup;
			children = (
				EAAABDD125373B6F0082A76A /* ExperiencesCell.swift */,
			);
			path = Cells;
			sourceTree = "<group>";
		};
/* End PBXGroup section */

/* Begin PBXNativeTarget section */
		EA7A2D5124DC877900D1FBCC /* airbnb-home */ = {
			isa = PBXNativeTarget;
			buildConfigurationList = EA7A2D7124DC877E00D1FBCC /* Build configuration list for PBXNativeTarget "airbnb-home" */;
			buildPhases = (
				EA7A2D4E24DC877900D1FBCC /* Sources */,
				EA7A2D4F24DC877900D1FBCC /* Frameworks */,
				EA7A2D5024DC877900D1FBCC /* Resources */,
			);
			buildRules = (
			);
			dependencies = (
			);
			name = "airbnb-home";
			productName = "airbnb-home";
			productReference = EA7A2D5224DC877900D1FBCC /* airbnb-home.app */;
			productType = "com.apple.product-type.application";
		};
/* End PBXNativeTarget section */

/* Begin PBXProject section */
		EA7A2D4A24DC877800D1FBCC /* Project object */ = {
			isa = PBXProject;
			attributes = {
				LastSwiftUpdateCheck = 1110;
				LastUpgradeCheck = 1110;
				ORGANIZATIONNAME = "Vinicius Carvalho";
				TargetAttributes = {
					EA7A2D5124DC877900D1FBCC = {
						CreatedOnToolsVersion = 11.1;
					};
				};
			};
			buildConfigurationList = EA7A2D4D24DC877800D1FBCC /* Build configuration list for PBXProject "airbnb-home" */;
			compatibilityVersion = "Xcode 9.3";
			developmentRegion = en;
			hasScannedForEncodings = 0;
			knownRegions = (
				en,
				Base,
			);
			mainGroup = EA7A2D4924DC877800D1FBCC;
			productRefGroup = EA7A2D5324DC877900D1FBCC /* Products */;
			projectDirPath = "";
			projectRoot = "";
			targets = (
				EA7A2D5124DC877900D1FBCC /* airbnb-home */,
			);
		};
/* End PBXProject section */

/* Begin PBXResourcesBuildPhase section */
		EA7A2D5024DC877900D1FBCC /* Resources */ = {
			isa = PBXResourcesBuildPhase;
			buildActionMask = 2147483647;
			files = (
				EA7A2D6224DC877E00D1FBCC /* LaunchScreen.storyboard in Resources */,
				EA7A2D5F24DC877E00D1FBCC /* Preview Assets.xcassets in Resources */,
				EA7A2D5C24DC877E00D1FBCC /* Assets.xcassets in Resources */,
			);
			runOnlyForDeploymentPostprocessing = 0;
		};
/* End PBXResourcesBuildPhase section */

/* Begin PBXSourcesBuildPhase section */
		EA7A2D4E24DC877900D1FBCC /* Sources */ = {
			isa = PBXSourcesBuildPhase;
			buildActionMask = 2147483647;
			files = (
				EACED3DE253BA2900039A95D /* SectionTitle.swift in Sources */,
				EACED3D6253B9A9A0039A95D /* Airbnb-homeApp.swift in Sources */,
				EACED3DB253BA1CD0039A95D /* OnlineExperiencesSectionView.swift in Sources */,
				EACED3D3253B9A5F0039A95D /* ContentView.swift in Sources */,
				EAAABDCE253739290082A76A /* ExperiencesSectionView.swift in Sources */,
				EA7A2D5A24DC877900D1FBCC /* HomeView.swift in Sources */,
				EA2B846724E96FAB004AB4C9 /* TabBar.swift in Sources */,
				EAAABDCA253737790082A76A /* GenericContent.swift in Sources */,
				EAAABDD225373B6F0082A76A /* ExperiencesCell.swift in Sources */,
			);
			runOnlyForDeploymentPostprocessing = 0;
		};
/* End PBXSourcesBuildPhase section */

/* Begin PBXVariantGroup section */
		EA7A2D6024DC877E00D1FBCC /* LaunchScreen.storyboard */ = {
			isa = PBXVariantGroup;
			children = (
				EA7A2D6124DC877E00D1FBCC /* Base */,
			);
			name = LaunchScreen.storyboard;
			sourceTree = "<group>";
		};
/* End PBXVariantGroup section */

/* Begin XCBuildConfiguration section */
		EA7A2D6F24DC877E00D1FBCC /* Debug */ = {
			isa = XCBuildConfiguration;
			buildSettings = {
				ALWAYS_SEARCH_USER_PATHS = NO;
				CLANG_ANALYZER_NONNULL = YES;
				CLANG_ANALYZER_NUMBER_OBJECT_CONVERSION = YES_AGGRESSIVE;
				CLANG_CXX_LANGUAGE_STANDARD = "gnu++14";
				CLANG_CXX_LIBRARY = "libc++";
				CLANG_ENABLE_MODULES = YES;
				CLANG_ENABLE_OBJC_ARC = YES;
				CLANG_ENABLE_OBJC_WEAK = YES;
				CLANG_WARN_BLOCK_CAPTURE_AUTORELEASING = YES;
				CLANG_WARN_BOOL_CONVERSION = YES;
				CLANG_WARN_COMMA = YES;
				CLANG_WARN_CONSTANT_CONVERSION = YES;
				CLANG_WARN_DEPRECATED_OBJC_IMPLEMENTATIONS = YES;
				CLANG_WARN_DIRECT_OBJC_ISA_USAGE = YES_ERROR;
				CLANG_WARN_DOCUMENTATION_COMMENTS = YES;
				CLANG_WARN_EMPTY_BODY = YES;
				CLANG_WARN_ENUM_CONVERSION = YES;
				CLANG_WARN_INFINITE_RECURSION = YES;
				CLANG_WARN_INT_CONVERSION = YES;
				CLANG_WARN_NON_LITERAL_NULL_CONVERSION = YES;
				CLANG_WARN_OBJC_IMPLICIT_RETAIN_SELF = YES;
				CLANG_WARN_OBJC_LITERAL_CONVERSION = YES;
				CLANG_WARN_OBJC_ROOT_CLASS = YES_ERROR;
				CLANG_WARN_RANGE_LOOP_ANALYSIS = YES;
				CLANG_WARN_STRICT_PROTOTYPES = YES;
				CLANG_WARN_SUSPICIOUS_MOVE = YES;
				CLANG_WARN_UNGUARDED_AVAILABILITY = YES_AGGRESSIVE;
				CLANG_WARN_UNREACHABLE_CODE = YES;
				CLANG_WARN__DUPLICATE_METHOD_MATCH = YES;
				COPY_PHASE_STRIP = NO;
				DEBUG_INFORMATION_FORMAT = dwarf;
				ENABLE_STRICT_OBJC_MSGSEND = YES;
				ENABLE_TESTABILITY = YES;
				GCC_C_LANGUAGE_STANDARD = gnu11;
				GCC_DYNAMIC_NO_PIC = NO;
				GCC_NO_COMMON_BLOCKS = YES;
				GCC_OPTIMIZATION_LEVEL = 0;
				GCC_PREPROCESSOR_DEFINITIONS = (
					"DEBUG=1",
					"$(inherited)",
				);
				GCC_WARN_64_TO_32_BIT_CONVERSION = YES;
				GCC_WARN_ABOUT_RETURN_TYPE = YES_ERROR;
				GCC_WARN_UNDECLARED_SELECTOR = YES;
				GCC_WARN_UNINITIALIZED_AUTOS = YES_AGGRESSIVE;
				GCC_WARN_UNUSED_FUNCTION = YES;
				GCC_WARN_UNUSED_VARIABLE = YES;
				IPHONEOS_DEPLOYMENT_TARGET = 13.1;
				MTL_ENABLE_DEBUG_INFO = INCLUDE_SOURCE;
				MTL_FAST_MATH = YES;
				ONLY_ACTIVE_ARCH = YES;
				SDKROOT = iphoneos;
				SWIFT_ACTIVE_COMPILATION_CONDITIONS = DEBUG;
				SWIFT_OPTIMIZATION_LEVEL = "-Onone";
			};
			name = Debug;
		};
		EA7A2D7024DC877E00D1FBCC /* Release */ = {
			isa = XCBuildConfiguration;
			buildSettings = {
				ALWAYS_SEARCH_USER_PATHS = NO;
				CLANG_ANALYZER_NONNULL = YES;
				CLANG_ANALYZER_NUMBER_OBJECT_CONVERSION = YES_AGGRESSIVE;
				CLANG_CXX_LANGUAGE_STANDARD = "gnu++14";
				CLANG_CXX_LIBRARY = "libc++";
				CLANG_ENABLE_MODULES = YES;
				CLANG_ENABLE_OBJC_ARC = YES;
				CLANG_ENABLE_OBJC_WEAK = YES;
				CLANG_WARN_BLOCK_CAPTURE_AUTORELEASING = YES;
				CLANG_WARN_BOOL_CONVERSION = YES;
				CLANG_WARN_COMMA = YES;
				CLANG_WARN_CONSTANT_CONVERSION = YES;
				CLANG_WARN_DEPRECATED_OBJC_IMPLEMENTATIONS = YES;
				CLANG_WARN_DIRECT_OBJC_ISA_USAGE = YES_ERROR;
				CLANG_WARN_DOCUMENTATION_COMMENTS = YES;
				CLANG_WARN_EMPTY_BODY = YES;
				CLANG_WARN_ENUM_CONVERSION = YES;
				CLANG_WARN_INFINITE_RECURSION = YES;
				CLANG_WARN_INT_CONVERSION = YES;
				CLANG_WARN_NON_LITERAL_NULL_CONVERSION = YES;
				CLANG_WARN_OBJC_IMPLICIT_RETAIN_SELF = YES;
				CLANG_WARN_OBJC_LITERAL_CONVERSION = YES;
				CLANG_WARN_OBJC_ROOT_CLASS = YES_ERROR;
				CLANG_WARN_RANGE_LOOP_ANALYSIS = YES;
				CLANG_WARN_STRICT_PROTOTYPES = YES;
				CLANG_WARN_SUSPICIOUS_MOVE = YES;
				CLANG_WARN_UNGUARDED_AVAILABILITY = YES_AGGRESSIVE;
				CLANG_WARN_UNREACHABLE_CODE = YES;
				CLANG_WARN__DUPLICATE_METHOD_MATCH = YES;
				COPY_PHASE_STRIP = NO;
				DEBUG_INFORMATION_FORMAT = "dwarf-with-dsym";
				ENABLE_NS_ASSERTIONS = NO;
				ENABLE_STRICT_OBJC_MSGSEND = YES;
				GCC_C_LANGUAGE_STANDARD = gnu11;
				GCC_NO_COMMON_BLOCKS = YES;
				GCC_WARN_64_TO_32_BIT_CONVERSION = YES;
				GCC_WARN_ABOUT_RETURN_TYPE = YES_ERROR;
				GCC_WARN_UNDECLARED_SELECTOR = YES;
				GCC_WARN_UNINITIALIZED_AUTOS = YES_AGGRESSIVE;
				GCC_WARN_UNUSED_FUNCTION = YES;
				GCC_WARN_UNUSED_VARIABLE = YES;
				IPHONEOS_DEPLOYMENT_TARGET = 13.1;
				MTL_ENABLE_DEBUG_INFO = NO;
				MTL_FAST_MATH = YES;
				SDKROOT = iphoneos;
				SWIFT_COMPILATION_MODE = wholemodule;
				SWIFT_OPTIMIZATION_LEVEL = "-O";
				VALIDATE_PRODUCT = YES;
			};
			name = Release;
		};
		EA7A2D7224DC877E00D1FBCC /* Debug */ = {
			isa = XCBuildConfiguration;
			buildSettings = {
				ASSETCATALOG_COMPILER_APPICON_NAME = AppIcon;
				CODE_SIGN_STYLE = Automatic;
				DEVELOPMENT_ASSET_PATHS = "\"airbnb-home/Preview Content\"";
				DEVELOPMENT_TEAM = 6U8286L9PF;
				ENABLE_PREVIEWS = YES;
				INFOPLIST_FILE = "airbnb-home/Info.plist";
				IPHONEOS_DEPLOYMENT_TARGET = 14.0;
				LD_RUNPATH_SEARCH_PATHS = (
					"$(inherited)",
					"@executable_path/Frameworks",
				);
				PRODUCT_BUNDLE_IDENTIFIER = "com.viniciuscarvalho.airbnb-home";
				PRODUCT_NAME = "$(TARGET_NAME)";
				SWIFT_VERSION = 5.0;
				TARGETED_DEVICE_FAMILY = "1,2";
			};
			name = Debug;
		};
		EA7A2D7324DC877E00D1FBCC /* Release */ = {
			isa = XCBuildConfiguration;
			buildSettings = {
				ASSETCATALOG_COMPILER_APPICON_NAME = AppIcon;
				CODE_SIGN_STYLE = Automatic;
				DEVELOPMENT_ASSET_PATHS = "\"airbnb-home/Preview Content\"";
				DEVELOPMENT_TEAM = 6U8286L9PF;
				ENABLE_PREVIEWS = YES;
				INFOPLIST_FILE = "airbnb-home/Info.plist";
				IPHONEOS_DEPLOYMENT_TARGET = 14.0;
				LD_RUNPATH_SEARCH_PATHS = (
					"$(inherited)",
					"@executable_path/Frameworks",
				);
				PRODUCT_BUNDLE_IDENTIFIER = "com.viniciuscarvalho.airbnb-home";
				PRODUCT_NAME = "$(TARGET_NAME)";
				SWIFT_VERSION = 5.0;
				TARGETED_DEVICE_FAMILY = "1,2";
			};
			name = Release;
		};
/* End XCBuildConfiguration section */

/* Begin XCConfigurationList section */
		EA7A2D4D24DC877800D1FBCC /* Build configuration list for PBXProject "airbnb-home" */ = {
			isa = XCConfigurationList;
			buildConfigurations = (
				EA7A2D6F24DC877E00D1FBCC /* Debug */,
				EA7A2D7024DC877E00D1FBCC /* Release */,
			);
			defaultConfigurationIsVisible = 0;
			defaultConfigurationName = Release;
		};
		EA7A2D7124DC877E00D1FBCC /* Build configuration list for PBXNativeTarget "airbnb-home" */ = {
			isa = XCConfigurationList;
			buildConfigurations = (
				EA7A2D7224DC877E00D1FBCC /* Debug */,
				EA7A2D7324DC877E00D1FBCC /* Release */,
			);
			defaultConfigurationIsVisible = 0;
			defaultConfigurationName = Release;
		};
/* End XCConfigurationList section */
	};
	rootObject = EA7A2D4A24DC877800D1FBCC /* Project object */;
}
